{
  "name": "webcomponent-qr-code",
  "version": "1.3.0",
  "lockfileVersion": 3,
  "requires": true,
  "packages": {
    "": {
      "name": "webcomponent-qr-code",
      "version": "1.3.0",
      "license": "MIT",
      "dependencies": {
        "qrjs": "^0.2.0"
      }
    },
    "node_modules/qrjs": {
      "version": "0.2.0",
      "resolved": "https://registry.npmjs.org/qrjs/-/qrjs-0.2.0.tgz",
      "integrity": "sha512-6tOePfihDByEXDULYlT/FmV27m5rX6IehCeZ82LouBD5kzSNqNXuVog8m1KGuGNyQovVOb0nKOB2ybHRRRgKJw=="
    }
  }
}
